<?xml version="1.0" encoding="utf-8"?>
<Project ToolsVersion="14.0" xmlns="http://schemas.microsoft.com/developer/msbuild/2003">
  <ItemGroup>
    <ClCompile Include="C:\Users\ckingsbury\Documents\GitHub\xmsgridtrace\xmsgridtrace\gridtrace\XmGridTrace.cpp">
      <Filter>Source Files</Filter>
    </ClCompile>
  </ItemGroup>
  <ItemGroup>
    <ClInclude Include="C:\Users\ckingsbury\Documents\GitHub\xmsgridtrace\xmsgridtrace\gridtrace\XmGridTrace.h">
      <Filter>Header Files</Filter>
    </ClInclude>
  </ItemGroup>
  <ItemGroup>
    <CustomBuild Include="C:\Users\ckingsbury\Documents\GitHub\xmsgridtrace\CMakeLists.txt" />
  </ItemGroup>
  <ItemGroup>
    <Filter Include="Header Files">
      <UniqueIdentifier>{44C308D9-D747-36CF-90A2-9E874464B892}</UniqueIdentifier>
    </Filter>
    <Filter Include="Source Files">
      <UniqueIdentifier>{21C26ADF-F75D-3FC3-8D7D-63AF7C8B67C7}</UniqueIdentifier>
    </Filter>
  </ItemGroup>
</Project>
